
Microsoft Visual Studio Solution File, Format Version 12.00
# Visual Studio Version 16
VisualStudioVersion = 16.0.30320.27
MinimumVisualStudioVersion = 10.0.40219.1
Project("{FAE04EC0-301F-11D3-BF4B-00C04F79EFBC}") = "KanyeWest", "KanyeWest\KanyeWest.csproj", "{B91BE8E6-FD3A-4C13-B87F-BB5351308AFC}"
EndProject
Global
	GlobalSection(SolutionConfigurationPlatforms) = preSolution
		Debug|Any CPU = Debug|Any CPU
		Release|Any CPU = Release|Any CPU
	EndGlobalSection
	GlobalSection(ProjectConfigurationPlatforms) = postSolution
		{B91BE8E6-FD3A-4C13-B87F-BB5351308AFC}.Debug|Any CPU.ActiveCfg = Debug|Any CPU
		{B91BE8E6-FD3A-4C13-B87F-BB5351308AFC}.Debug|Any CPU.Build.0 = Debug|Any CPU
		{B91BE8E6-FD3A-4C13-B87F-BB5351308AFC}.Release|Any CPU.ActiveCfg = Release|Any CPU
		{B91BE8E6-FD3A-4C13-B87F-BB5351308AFC}.Release|Any CPU.Build.0 = Release|Any CPU
	EndGlobalSection
	GlobalSection(SolutionProperties) = preSolution
		HideSolutionNode = FALSE
	EndGlobalSection
	GlobalSection(ExtensibilityGlobals) = postSolution
		SolutionGuid = {BAA238EC-EFD3-49A3-B8B1-5DF381C0738F}
	EndGlobalSection
EndGlobal
